
Microsoft Visual Studio Solution File, Format Version 12.00
# Visual Studio Version 17
VisualStudioVersion = 17.14.36518.9 d17.14
MinimumVisualStudioVersion = 10.0.40219.1
Project("{8BC9CEB8-8B4A-11D0-8D11-00A0C91BC942}") = "2026-4-17", "2026-4-17.vcxproj", "{297BE05D-902A-47C3-8EBC-C5E9730B4D7D}"
EndProject
Global
	GlobalSection(SolutionConfigurationPlatforms) = preSolution
		Debug|x64 = Debug|x64
		Debug|x86 = Debug|x86
		Release|x64 = Release|x64
		Release|x86 = Release|x86
	EndGlobalSection
	GlobalSection(ProjectConfigurationPlatforms) = postSolution
		{297BE05D-902A-47C3-8EBC-C5E9730B4D7D}.Debug|x64.ActiveCfg = Debug|x64
		{297BE05D-902A-47C3-8EBC-C5E9730B4D7D}.Debug|x64.Build.0 = Debug|x64
		{297BE05D-902A-47C3-8EBC-C5E9730B4D7D}.Debug|x86.ActiveCfg = Debug|Win32
		{297BE05D-902A-47C3-8EBC-C5E9730B4D7D}.Debug|x86.Build.0 = Debug|Win32
		{297BE05D-902A-47C3-8EBC-C5E9730B4D7D}.Release|x64.ActiveCfg = Release|x64
		{297BE05D-902A-47C3-8EBC-C5E9730B4D7D}.Release|x64.Build.0 = Release|x64
		{297BE05D-902A-47C3-8EBC-C5E9730B4D7D}.Release|x86.ActiveCfg = Release|Win32
		{297BE05D-902A-47C3-8EBC-C5E9730B4D7D}.Release|x86.Build.0 = Release|Win32
	EndGlobalSection
	GlobalSection(SolutionProperties) = preSolution
		HideSolutionNode = FALSE
	EndGlobalSection
	GlobalSection(ExtensibilityGlobals) = postSolution
		SolutionGuid = {938C0CB8-5A3A-4CA9-B62D-E9712A7321B9}
	EndGlobalSection
EndGlobal
